
Microsoft Visual Studio Solution File, Format Version 12.00
# Visual Studio Version 17
VisualStudioVersion = 17.9.34714.143
MinimumVisualStudioVersion = 10.0.40219.1
Project("{FAE04EC0-301F-11D3-BF4B-00C04F79EFBC}") = "JOEVER", "JOEVER\JOEVER.csproj", "{355D93E4-E9C8-4000-8778-162581CA158C}"
EndProject
Global
	GlobalSection(SolutionConfigurationPlatforms) = preSolution
		Debug|Any CPU = Debug|Any CPU
		Release|Any CPU = Release|Any CPU
	EndGlobalSection
	GlobalSection(ProjectConfigurationPlatforms) = postSolution
		{355D93E4-E9C8-4000-8778-162581CA158C}.Debug|Any CPU.ActiveCfg = Debug|Any CPU
		{355D93E4-E9C8-4000-8778-162581CA158C}.Debug|Any CPU.Build.0 = Debug|Any CPU
		{355D93E4-E9C8-4000-8778-162581CA158C}.Release|Any CPU.ActiveCfg = Release|Any CPU
		{355D93E4-E9C8-4000-8778-162581CA158C}.Release|Any CPU.Build.0 = Release|Any CPU
	EndGlobalSection
	GlobalSection(SolutionProperties) = preSolution
		HideSolutionNode = FALSE
	EndGlobalSection
	GlobalSection(ExtensibilityGlobals) = postSolution
		SolutionGuid = {53E4C2BE-3D21-4DB1-8F8E-C811AB006350}
	EndGlobalSection
EndGlobal
